
Microsoft Visual Studio Solution File, Format Version 12.00
# Visual Studio Version 17
VisualStudioVersion = 17.5.33627.172
MinimumVisualStudioVersion = 10.0.40219.1
Project("{FAE04EC0-301F-11D3-BF4B-00C04F79EFBC}") = "AtletaAsdericel", "AtletaAsdericel\AtletaAsdericel.csproj", "{7406195E-9820-47BC-AFCF-6DDEC698B282}"
EndProject
Global
	GlobalSection(SolutionConfigurationPlatforms) = preSolution
		Debug|Any CPU = Debug|Any CPU
		Release|Any CPU = Release|Any CPU
	EndGlobalSection
	GlobalSection(ProjectConfigurationPlatforms) = postSolution
		{7406195E-9820-47BC-AFCF-6DDEC698B282}.Debug|Any CPU.ActiveCfg = Debug|Any CPU
		{7406195E-9820-47BC-AFCF-6DDEC698B282}.Debug|Any CPU.Build.0 = Debug|Any CPU
		{7406195E-9820-47BC-AFCF-6DDEC698B282}.Release|Any CPU.ActiveCfg = Release|Any CPU
		{7406195E-9820-47BC-AFCF-6DDEC698B282}.Release|Any CPU.Build.0 = Release|Any CPU
	EndGlobalSection
	GlobalSection(SolutionProperties) = preSolution
		HideSolutionNode = FALSE
	EndGlobalSection
	GlobalSection(ExtensibilityGlobals) = postSolution
		SolutionGuid = {15377B0A-7FC0-4A92-B931-8005B441C0B3}
	EndGlobalSection
EndGlobal
